// !$*UTF8*$!
{
	archiveVersion = 1;
	classes = {
	};
	objectVersion = 50;
	objects = {

/* Begin PBXBuildFile section */
		751816F9219C981F0084A7C7 /* AppDelegate.swift in Sources */ = {isa = PBXBuildFile; fileRef = 751816F8219C981F0084A7C7 /* AppDelegate.swift */; };
		751816FE219C981F0084A7C7 /* Main.storyboard in Resources */ = {isa = PBXBuildFile; fileRef = 751816FC219C981F0084A7C7 /* Main.storyboard */; };
		75181700219C982C0084A7C7 /* Assets.xcassets in Resources */ = {isa = PBXBuildFile; fileRef = 751816FF219C982C0084A7C7 /* Assets.xcassets */; };
		75181703219C982C0084A7C7 /* LaunchScreen.storyboard in Resources */ = {isa = PBXBuildFile; fileRef = 75181701219C982C0084A7C7 /* LaunchScreen.storyboard */; };
		7518170E219C9BAF0084A7C7 /* OpenSans-Regular.ttf in Resources */ = {isa = PBXBuildFile; fileRef = 7518170C219C9BAA0084A7C7 /* OpenSans-Regular.ttf */; };
		7518170F219C9BB20084A7C7 /* OpenSans-Semibold.ttf in Resources */ = {isa = PBXBuildFile; fileRef = 7518170D219C9BAA0084A7C7 /* OpenSans-Semibold.ttf */; };
		75181712219CAA070084A7C7 /* CAPSPageMenu.swift in Sources */ = {isa = PBXBuildFile; fileRef = 75181711219CAA070084A7C7 /* CAPSPageMenu.swift */; };
		75181715219CAAE20084A7C7 /* CAPSPageMenuConfiguration.swift in Sources */ = {isa = PBXBuildFile; fileRef = 75181714219CAAE10084A7C7 /* CAPSPageMenuConfiguration.swift */; };
		75181717219CAB250084A7C7 /* MenuItemView.swift in Sources */ = {isa = PBXBuildFile; fileRef = 75181716219CAB250084A7C7 /* MenuItemView.swift */; };
		75181719219CAB3F0084A7C7 /* CAPSPageMenu+Options.swift in Sources */ = {isa = PBXBuildFile; fileRef = 75181718219CAB3E0084A7C7 /* CAPSPageMenu+Options.swift */; };
		7518171B219CAB970084A7C7 /* CAPSPageMenu+UIConfiguration.swift in Sources */ = {isa = PBXBuildFile; fileRef = 7518171A219CAB970084A7C7 /* CAPSPageMenu+UIConfiguration.swift */; };
		7518171E219CAC780084A7C7 /* CAPSPageMenu+UIGestureRecognizerDelegate.swift in Sources */ = {isa = PBXBuildFile; fileRef = 7518171C219CAC770084A7C7 /* CAPSPageMenu+UIGestureRecognizerDelegate.swift */; };
		7518171F219CAC780084A7C7 /* CAPSPageMenu+UIScrollViewDelegate.swift in Sources */ = {isa = PBXBuildFile; fileRef = 7518171D219CAC780084A7C7 /* CAPSPageMenu+UIScrollViewDelegate.swift */; };
		75181721219CAEDB0084A7C7 /* ProfileViewController.swift in Sources */ = {isa = PBXBuildFile; fileRef = 75181720219CAEDB0084A7C7 /* ProfileViewController.swift */; };
		75181724219CAF7A0084A7C7 /* PlacesViewController.swift in Sources */ = {isa = PBXBuildFile; fileRef = 75181723219CAF7A0084A7C7 /* PlacesViewController.swift */; };
		75181726219CAF8A0084A7C7 /* FavoritesViewController.swift in Sources */ = {isa = PBXBuildFile; fileRef = 75181725219CAF8A0084A7C7 /* FavoritesViewController.swift */; };
		75181728219CAF980084A7C7 /* FriendsViewController.swift in Sources */ = {isa = PBXBuildFile; fileRef = 75181727219CAF980084A7C7 /* FriendsViewController.swift */; };
		758FC30E219CD7460086FBBD /* PageMenuViewController.swift in Sources */ = {isa = PBXBuildFile; fileRef = 758FC30D219CD7460086FBBD /* PageMenuViewController.swift */; };
		758FC310219CE6040086FBBD /* UIColor+Extenstions.swift in Sources */ = {isa = PBXBuildFile; fileRef = 758FC30F219CE6040086FBBD /* UIColor+Extenstions.swift */; };
		758FC312219CE6230086FBBD /* UIView+Extensions.swift in Sources */ = {isa = PBXBuildFile; fileRef = 758FC311219CE6230086FBBD /* UIView+Extensions.swift */; };
		758FC315219CE69E0086FBBD /* UIButton+Extensions.swift in Sources */ = {isa = PBXBuildFile; fileRef = 758FC314219CE69E0086FBBD /* UIButton+Extensions.swift */; };
/* End PBXBuildFile section */

/* Begin PBXFileReference section */
		751816F5219C981F0084A7C7 /* Profile.app */ = {isa = PBXFileReference; explicitFileType = wrapper.application; includeInIndex = 0; path = Profile.app; sourceTree = BUILT_PRODUCTS_DIR; };
		751816F8219C981F0084A7C7 /* AppDelegate.swift */ = {isa = PBXFileReference; lastKnownFileType = sourcecode.swift; path = AppDelegate.swift; sourceTree = "<group>"; };
		751816FD219C981F0084A7C7 /* Base */ = {isa = PBXFileReference; lastKnownFileType = file.storyboard; name = Base; path = Base.lproj/Main.storyboard; sourceTree = "<group>"; };
		751816FF219C982C0084A7C7 /* Assets.xcassets */ = {isa = PBXFileReference; lastKnownFileType = folder.assetcatalog; path = Assets.xcassets; sourceTree = "<group>"; };
		75181702219C982C0084A7C7 /* Base */ = {isa = PBXFileReference; lastKnownFileType = file.storyboard; name = Base; path = Base.lproj/LaunchScreen.storyboard; sourceTree = "<group>"; };
		75181704219C982D0084A7C7 /* Info.plist */ = {isa = PBXFileReference; lastKnownFileType = text.plist.xml; path = Info.plist; sourceTree = "<group>"; };
		7518170C219C9BAA0084A7C7 /* OpenSans-Regular.ttf */ = {isa = PBXFileReference; lastKnownFileType = file; path = "OpenSans-Regular.ttf"; sourceTree = "<group>"; };
		7518170D219C9BAA0084A7C7 /* OpenSans-Semibold.ttf */ = {isa = PBXFileReference; lastKnownFileType = file; path = "OpenSans-Semibold.ttf"; sourceTree = "<group>"; };
		75181711219CAA070084A7C7 /* CAPSPageMenu.swift */ = {isa = PBXFileReference; fileEncoding = 4; lastKnownFileType = sourcecode.swift; path = CAPSPageMenu.swift; sourceTree = "<group>"; };
		75181714219CAAE10084A7C7 /* CAPSPageMenuConfiguration.swift */ = {isa = PBXFileReference; fileEncoding = 4; lastKnownFileType = sourcecode.swift; path = CAPSPageMenuConfiguration.swift; sourceTree = "<group>"; };
		75181716219CAB250084A7C7 /* MenuItemView.swift */ = {isa = PBXFileReference; fileEncoding = 4; lastKnownFileType = sourcecode.swift; path = MenuItemView.swift; sourceTree = "<group>"; };
		75181718219CAB3E0084A7C7 /* CAPSPageMenu+Options.swift */ = {isa = PBXFileReference; fileEncoding = 4; lastKnownFileType = sourcecode.swift; path = "CAPSPageMenu+Options.swift"; sourceTree = "<group>"; };
		7518171A219CAB970084A7C7 /* CAPSPageMenu+UIConfiguration.swift */ = {isa = PBXFileReference; fileEncoding = 4; lastKnownFileType = sourcecode.swift; path = "CAPSPageMenu+UIConfiguration.swift"; sourceTree = "<group>"; };
		7518171C219CAC770084A7C7 /* CAPSPageMenu+UIGestureRecognizerDelegate.swift */ = {isa = PBXFileReference; fileEncoding = 4; lastKnownFileType = sourcecode.swift; path = "CAPSPageMenu+UIGestureRecognizerDelegate.swift"; sourceTree = "<group>"; };
		7518171D219CAC780084A7C7 /* CAPSPageMenu+UIScrollViewDelegate.swift */ = {isa = PBXFileReference; fileEncoding = 4; lastKnownFileType = sourcecode.swift; path = "CAPSPageMenu+UIScrollViewDelegate.swift"; sourceTree = "<group>"; };
		75181720219CAEDB0084A7C7 /* ProfileViewController.swift */ = {isa = PBXFileReference; lastKnownFileType = sourcecode.swift; path = ProfileViewController.swift; sourceTree = "<group>"; };
		75181723219CAF7A0084A7C7 /* PlacesViewController.swift */ = {isa = PBXFileReference; lastKnownFileType = sourcecode.swift; path = PlacesViewController.swift; sourceTree = "<group>"; };
		75181725219CAF8A0084A7C7 /* FavoritesViewController.swift */ = {isa = PBXFileReference; lastKnownFileType = sourcecode.swift; path = FavoritesViewController.swift; sourceTree = "<group>"; };
		75181727219CAF980084A7C7 /* FriendsViewController.swift */ = {isa = PBXFileReference; lastKnownFileType = sourcecode.swift; path = FriendsViewController.swift; sourceTree = "<group>"; };
		758FC30D219CD7460086FBBD /* PageMenuViewController.swift */ = {isa = PBXFileReference; lastKnownFileType = sourcecode.swift; path = PageMenuViewController.swift; sourceTree = "<group>"; };
		758FC30F219CE6040086FBBD /* UIColor+Extenstions.swift */ = {isa = PBXFileReference; lastKnownFileType = sourcecode.swift; path = "UIColor+Extenstions.swift"; sourceTree = "<group>"; };
		758FC311219CE6230086FBBD /* UIView+Extensions.swift */ = {isa = PBXFileReference; lastKnownFileType = sourcecode.swift; path = "UIView+Extensions.swift"; sourceTree = "<group>"; };
		758FC314219CE69E0086FBBD /* UIButton+Extensions.swift */ = {isa = PBXFileReference; lastKnownFileType = sourcecode.swift; path = "UIButton+Extensions.swift"; sourceTree = "<group>"; };
/* End PBXFileReference section */

/* Begin PBXFrameworksBuildPhase section */
		751816F2219C981F0084A7C7 /* Frameworks */ = {
			isa = PBXFrameworksBuildPhase;
			buildActionMask = 2147483647;
			files = (
			);
			runOnlyForDeploymentPostprocessing = 0;
		};
/* End PBXFrameworksBuildPhase section */

/* Begin PBXGroup section */
		751816EC219C981F0084A7C7 = {
			isa = PBXGroup;
			children = (
				751816F7219C981F0084A7C7 /* Profile */,
				751816F6219C981F0084A7C7 /* Products */,
			);
			sourceTree = "<group>";
		};
		751816F6219C981F0084A7C7 /* Products */ = {
			isa = PBXGroup;
			children = (
				751816F5219C981F0084A7C7 /* Profile.app */,
			);
			name = Products;
			sourceTree = "<group>";
		};
		751816F7219C981F0084A7C7 /* Profile */ = {
			isa = PBXGroup;
			children = (
				75181722219CAF3C0084A7C7 /* ViewControllers */,
				75181729219CCA890084A7C7 /* Extensions */,
				75181710219CA9A90084A7C7 /* Libraries */,
				7518170A219C9B6C0084A7C7 /* Resources */,
				751816F8219C981F0084A7C7 /* AppDelegate.swift */,
				751816FC219C981F0084A7C7 /* Main.storyboard */,
				751816FF219C982C0084A7C7 /* Assets.xcassets */,
				75181701219C982C0084A7C7 /* LaunchScreen.storyboard */,
				75181704219C982D0084A7C7 /* Info.plist */,
			);
			path = Profile;
			sourceTree = "<group>";
		};
		7518170A219C9B6C0084A7C7 /* Resources */ = {
			isa = PBXGroup;
			children = (
				7518170B219C9B790084A7C7 /* Fonts */,
			);
			path = Resources;
			sourceTree = "<group>";
		};
		7518170B219C9B790084A7C7 /* Fonts */ = {
			isa = PBXGroup;
			children = (
				7518170C219C9BAA0084A7C7 /* OpenSans-Regular.ttf */,
				7518170D219C9BAA0084A7C7 /* OpenSans-Semibold.ttf */,
			);
			path = Fonts;
			sourceTree = "<group>";
		};
		75181710219CA9A90084A7C7 /* Libraries */ = {
			isa = PBXGroup;
			children = (
				75181713219CAAC80084A7C7 /* CAPSPageMenu */,
			);
			path = Libraries;
			sourceTree = "<group>";
		};
		75181713219CAAC80084A7C7 /* CAPSPageMenu */ = {
			isa = PBXGroup;
			children = (
				75181718219CAB3E0084A7C7 /* CAPSPageMenu+Options.swift */,
				75181716219CAB250084A7C7 /* MenuItemView.swift */,
				7518171C219CAC770084A7C7 /* CAPSPageMenu+UIGestureRecognizerDelegate.swift */,
				7518171D219CAC780084A7C7 /* CAPSPageMenu+UIScrollViewDelegate.swift */,
				7518171A219CAB970084A7C7 /* CAPSPageMenu+UIConfiguration.swift */,
				75181711219CAA070084A7C7 /* CAPSPageMenu.swift */,
				75181714219CAAE10084A7C7 /* CAPSPageMenuConfiguration.swift */,
			);
			path = CAPSPageMenu;
			sourceTree = "<group>";
		};
		75181722219CAF3C0084A7C7 /* ViewControllers */ = {
			isa = PBXGroup;
			children = (
				75181720219CAEDB0084A7C7 /* ProfileViewController.swift */,
				75181723219CAF7A0084A7C7 /* PlacesViewController.swift */,
				75181725219CAF8A0084A7C7 /* FavoritesViewController.swift */,
				75181727219CAF980084A7C7 /* FriendsViewController.swift */,
				758FC30D219CD7460086FBBD /* PageMenuViewController.swift */,
			);
			path = ViewControllers;
			sourceTree = "<group>";
		};
		75181729219CCA890084A7C7 /* Extensions */ = {
			isa = PBXGroup;
			children = (
				758FC313219CE6450086FBBD /* UIKit */,
			);
			path = Extensions;
			sourceTree = "<group>";
		};
		758FC313219CE6450086FBBD /* UIKit */ = {
			isa = PBXGroup;
			children = (
				758FC30F219CE6040086FBBD /* UIColor+Extenstions.swift */,
				758FC311219CE6230086FBBD /* UIView+Extensions.swift */,
				758FC314219CE69E0086FBBD /* UIButton+Extensions.swift */,
			);
			path = UIKit;
			sourceTree = "<group>";
		};
/* End PBXGroup section */

/* Begin PBXNativeTarget section */
		751816F4219C981F0084A7C7 /* Profile */ = {
			isa = PBXNativeTarget;
			buildConfigurationList = 75181707219C982D0084A7C7 /* Build configuration list for PBXNativeTarget "Profile" */;
			buildPhases = (
				751816F1219C981F0084A7C7 /* Sources */,
				751816F2219C981F0084A7C7 /* Frameworks */,
				751816F3219C981F0084A7C7 /* Resources */,
			);
			buildRules = (
			);
			dependencies = (
			);
			name = Profile;
			productName = Profile;
			productReference = 751816F5219C981F0084A7C7 /* Profile.app */;
			productType = "com.apple.product-type.application";
		};
/* End PBXNativeTarget section */

/* Begin PBXProject section */
		751816ED219C981F0084A7C7 /* Project object */ = {
			isa = PBXProject;
			attributes = {
				LastSwiftUpdateCheck = 1010;
				LastUpgradeCheck = 1010;
				ORGANIZATIONNAME = Mobile;
				TargetAttributes = {
					751816F4219C981F0084A7C7 = {
						CreatedOnToolsVersion = 10.1;
					};
				};
			};
			buildConfigurationList = 751816F0219C981F0084A7C7 /* Build configuration list for PBXProject "Profile" */;
			compatibilityVersion = "Xcode 9.3";
			developmentRegion = en;
			hasScannedForEncodings = 0;
			knownRegions = (
				en,
				Base,
			);
			mainGroup = 751816EC219C981F0084A7C7;
			productRefGroup = 751816F6219C981F0084A7C7 /* Products */;
			projectDirPath = "";
			projectRoot = "";
			targets = (
				751816F4219C981F0084A7C7 /* Profile */,
			);
		};
/* End PBXProject section */

/* Begin PBXResourcesBuildPhase section */
		751816F3219C981F0084A7C7 /* Resources */ = {
			isa = PBXResourcesBuildPhase;
			buildActionMask = 2147483647;
			files = (
				75181703219C982C0084A7C7 /* LaunchScreen.storyboard in Resources */,
				75181700219C982C0084A7C7 /* Assets.xcassets in Resources */,
				7518170E219C9BAF0084A7C7 /* OpenSans-Regular.ttf in Resources */,
				751816FE219C981F0084A7C7 /* Main.storyboard in Resources */,
				7518170F219C9BB20084A7C7 /* OpenSans-Semibold.ttf in Resources */,
			);
			runOnlyForDeploymentPostprocessing = 0;
		};
/* End PBXResourcesBuildPhase section */

/* Begin PBXSourcesBuildPhase section */
		751816F1219C981F0084A7C7 /* Sources */ = {
			isa = PBXSourcesBuildPhase;
			buildActionMask = 2147483647;
			files = (
				751816F9219C981F0084A7C7 /* AppDelegate.swift in Sources */,
				75181728219CAF980084A7C7 /* FriendsViewController.swift in Sources */,
				75181721219CAEDB0084A7C7 /* ProfileViewController.swift in Sources */,
				75181724219CAF7A0084A7C7 /* PlacesViewController.swift in Sources */,
				75181712219CAA070084A7C7 /* CAPSPageMenu.swift in Sources */,
				75181715219CAAE20084A7C7 /* CAPSPageMenuConfiguration.swift in Sources */,
				758FC312219CE6230086FBBD /* UIView+Extensions.swift in Sources */,
				75181717219CAB250084A7C7 /* MenuItemView.swift in Sources */,
				7518171E219CAC780084A7C7 /* CAPSPageMenu+UIGestureRecognizerDelegate.swift in Sources */,
				758FC315219CE69E0086FBBD /* UIButton+Extensions.swift in Sources */,
				7518171B219CAB970084A7C7 /* CAPSPageMenu+UIConfiguration.swift in Sources */,
				7518171F219CAC780084A7C7 /* CAPSPageMenu+UIScrollViewDelegate.swift in Sources */,
				758FC310219CE6040086FBBD /* UIColor+Extenstions.swift in Sources */,
				75181726219CAF8A0084A7C7 /* FavoritesViewController.swift in Sources */,
				75181719219CAB3F0084A7C7 /* CAPSPageMenu+Options.swift in Sources */,
				758FC30E219CD7460086FBBD /* PageMenuViewController.swift in Sources */,
			);
			runOnlyForDeploymentPostprocessing = 0;
		};
/* End PBXSourcesBuildPhase section */

/* Begin PBXVariantGroup section */
		751816FC219C981F0084A7C7 /* Main.storyboard */ = {
			isa = PBXVariantGroup;
			children = (
				751816FD219C981F0084A7C7 /* Base */,
			);
			name = Main.storyboard;
			sourceTree = "<group>";
		};
		75181701219C982C0084A7C7 /* LaunchScreen.storyboard */ = {
			isa = PBXVariantGroup;
			children = (
				75181702219C982C0084A7C7 /* Base */,
			);
			name = LaunchScreen.storyboard;
			sourceTree = "<group>";
		};
/* End PBXVariantGroup section */

/* Begin XCBuildConfiguration section */
		75181705219C982D0084A7C7 /* Debug */ = {
			isa = XCBuildConfiguration;
			buildSettings = {
				ALWAYS_SEARCH_USER_PATHS = NO;
				CLANG_ANALYZER_NONNULL = YES;
				CLANG_ANALYZER_NUMBER_OBJECT_CONVERSION = YES_AGGRESSIVE;
				CLANG_CXX_LANGUAGE_STANDARD = "gnu++14";
				CLANG_CXX_LIBRARY = "libc++";
				CLANG_ENABLE_MODULES = YES;
				CLANG_ENABLE_OBJC_ARC = YES;
				CLANG_ENABLE_OBJC_WEAK = YES;
				CLANG_WARN_BLOCK_CAPTURE_AUTORELEASING = YES;
				CLANG_WARN_BOOL_CONVERSION = YES;
				CLANG_WARN_COMMA = YES;
				CLANG_WARN_CONSTANT_CONVERSION = YES;
				CLANG_WARN_DEPRECATED_OBJC_IMPLEMENTATIONS = YES;
				CLANG_WARN_DIRECT_OBJC_ISA_USAGE = YES_ERROR;
				CLANG_WARN_DOCUMENTATION_COMMENTS = YES;
				CLANG_WARN_EMPTY_BODY = YES;
				CLANG_WARN_ENUM_CONVERSION = YES;
				CLANG_WARN_INFINITE_RECURSION = YES;
				CLANG_WARN_INT_CONVERSION = YES;
				CLANG_WARN_NON_LITERAL_NULL_CONVERSION = YES;
				CLANG_WARN_OBJC_IMPLICIT_RETAIN_SELF = YES;
				CLANG_WARN_OBJC_LITERAL_CONVERSION = YES;
				CLANG_WARN_OBJC_ROOT_CLASS = YES_ERROR;
				CLANG_WARN_RANGE_LOOP_ANALYSIS = YES;
				CLANG_WARN_STRICT_PROTOTYPES = YES;
				CLANG_WARN_SUSPICIOUS_MOVE = YES;
				CLANG_WARN_UNGUARDED_AVAILABILITY = YES_AGGRESSIVE;
				CLANG_WARN_UNREACHABLE_CODE = YES;
				CLANG_WARN__DUPLICATE_METHOD_MATCH = YES;
				CODE_SIGN_IDENTITY = "iPhone Developer";
				COPY_PHASE_STRIP = NO;
				DEBUG_INFORMATION_FORMAT = dwarf;
				ENABLE_STRICT_OBJC_MSGSEND = YES;
				ENABLE_TESTABILITY = YES;
				GCC_C_LANGUAGE_STANDARD = gnu11;
				GCC_DYNAMIC_NO_PIC = NO;
				GCC_NO_COMMON_BLOCKS = YES;
				GCC_OPTIMIZATION_LEVEL = 0;
				GCC_PREPROCESSOR_DEFINITIONS = (
					"DEBUG=1",
					"$(inherited)",
				);
				GCC_WARN_64_TO_32_BIT_CONVERSION = YES;
				GCC_WARN_ABOUT_RETURN_TYPE = YES_ERROR;
				GCC_WARN_UNDECLARED_SELECTOR = YES;
				GCC_WARN_UNINITIALIZED_AUTOS = YES_AGGRESSIVE;
				GCC_WARN_UNUSED_FUNCTION = YES;
				GCC_WARN_UNUSED_VARIABLE = YES;
				IPHONEOS_DEPLOYMENT_TARGET = 12.1;
				MTL_ENABLE_DEBUG_INFO = INCLUDE_SOURCE;
				MTL_FAST_MATH = YES;
				ONLY_ACTIVE_ARCH = YES;
				SDKROOT = iphoneos;
				SWIFT_ACTIVE_COMPILATION_CONDITIONS = DEBUG;
				SWIFT_OPTIMIZATION_LEVEL = "-Onone";
			};
			name = Debug;
		};
		75181706219C982D0084A7C7 /* Release */ = {
			isa = XCBuildConfiguration;
			buildSettings = {
				ALWAYS_SEARCH_USER_PATHS = NO;
				CLANG_ANALYZER_NONNULL = YES;
				CLANG_ANALYZER_NUMBER_OBJECT_CONVERSION = YES_AGGRESSIVE;
				CLANG_CXX_LANGUAGE_STANDARD = "gnu++14";
				CLANG_CXX_LIBRARY = "libc++";
				CLANG_ENABLE_MODULES = YES;
				CLANG_ENABLE_OBJC_ARC = YES;
				CLANG_ENABLE_OBJC_WEAK = YES;
				CLANG_WARN_BLOCK_CAPTURE_AUTORELEASING = YES;
				CLANG_WARN_BOOL_CONVERSION = YES;
				CLANG_WARN_COMMA = YES;
				CLANG_WARN_CONSTANT_CONVERSION = YES;
				CLANG_WARN_DEPRECATED_OBJC_IMPLEMENTATIONS = YES;
				CLANG_WARN_DIRECT_OBJC_ISA_USAGE = YES_ERROR;
				CLANG_WARN_DOCUMENTATION_COMMENTS = YES;
				CLANG_WARN_EMPTY_BODY = YES;
				CLANG_WARN_ENUM_CONVERSION = YES;
				CLANG_WARN_INFINITE_RECURSION = YES;
				CLANG_WARN_INT_CONVERSION = YES;
				CLANG_WARN_NON_LITERAL_NULL_CONVERSION = YES;
				CLANG_WARN_OBJC_IMPLICIT_RETAIN_SELF = YES;
				CLANG_WARN_OBJC_LITERAL_CONVERSION = YES;
				CLANG_WARN_OBJC_ROOT_CLASS = YES_ERROR;
				CLANG_WARN_RANGE_LOOP_ANALYSIS = YES;
				CLANG_WARN_STRICT_PROTOTYPES = YES;
				CLANG_WARN_SUSPICIOUS_MOVE = YES;
				CLANG_WARN_UNGUARDED_AVAILABILITY = YES_AGGRESSIVE;
				CLANG_WARN_UNREACHABLE_CODE = YES;
				CLANG_WARN__DUPLICATE_METHOD_MATCH = YES;
				CODE_SIGN_IDENTITY = "iPhone Developer";
				COPY_PHASE_STRIP = NO;
				DEBUG_INFORMATION_FORMAT = "dwarf-with-dsym";
				ENABLE_NS_ASSERTIONS = NO;
				ENABLE_STRICT_OBJC_MSGSEND = YES;
				GCC_C_LANGUAGE_STANDARD = gnu11;
				GCC_NO_COMMON_BLOCKS = YES;
				GCC_WARN_64_TO_32_BIT_CONVERSION = YES;
				GCC_WARN_ABOUT_RETURN_TYPE = YES_ERROR;
				GCC_WARN_UNDECLARED_SELECTOR = YES;
				GCC_WARN_UNINITIALIZED_AUTOS = YES_AGGRESSIVE;
				GCC_WARN_UNUSED_FUNCTION = YES;
				GCC_WARN_UNUSED_VARIABLE = YES;
				IPHONEOS_DEPLOYMENT_TARGET = 12.1;
				MTL_ENABLE_DEBUG_INFO = NO;
				MTL_FAST_MATH = YES;
				SDKROOT = iphoneos;
				SWIFT_COMPILATION_MODE = wholemodule;
				SWIFT_OPTIMIZATION_LEVEL = "-O";
				VALIDATE_PRODUCT = YES;
			};
			name = Release;
		};
		75181708219C982D0084A7C7 /* Debug */ = {
			isa = XCBuildConfiguration;
			buildSettings = {
				ASSETCATALOG_COMPILER_APPICON_NAME = AppIcon;
				CODE_SIGN_STYLE = Automatic;
				INFOPLIST_FILE = Profile/Info.plist;
				LD_RUNPATH_SEARCH_PATHS = (
					"$(inherited)",
					"@executable_path/Frameworks",
				);
				PRODUCT_BUNDLE_IDENTIFIER = com.hansel.Profile;
				PRODUCT_NAME = "$(TARGET_NAME)";
				SWIFT_VERSION = 4.2;
				TARGETED_DEVICE_FAMILY = "1,2";
			};
			name = Debug;
		};
		75181709219C982D0084A7C7 /* Release */ = {
			isa = XCBuildConfiguration;
			buildSettings = {
				ASSETCATALOG_COMPILER_APPICON_NAME = AppIcon;
				CODE_SIGN_STYLE = Automatic;
				INFOPLIST_FILE = Profile/Info.plist;
				LD_RUNPATH_SEARCH_PATHS = (
					"$(inherited)",
					"@executable_path/Frameworks",
				);
				PRODUCT_BUNDLE_IDENTIFIER = com.hansel.Profile;
				PRODUCT_NAME = "$(TARGET_NAME)";
				SWIFT_VERSION = 4.2;
				TARGETED_DEVICE_FAMILY = "1,2";
			};
			name = Release;
		};
/* End XCBuildConfiguration section */

/* Begin XCConfigurationList section */
		751816F0219C981F0084A7C7 /* Build configuration list for PBXProject "Profile" */ = {
			isa = XCConfigurationList;
			buildConfigurations = (
				75181705219C982D0084A7C7 /* Debug */,
				75181706219C982D0084A7C7 /* Release */,
			);
			defaultConfigurationIsVisible = 0;
			defaultConfigurationName = Release;
		};
		75181707219C982D0084A7C7 /* Build configuration list for PBXNativeTarget "Profile" */ = {
			isa = XCConfigurationList;
			buildConfigurations = (
				75181708219C982D0084A7C7 /* Debug */,
				75181709219C982D0084A7C7 /* Release */,
			);
			defaultConfigurationIsVisible = 0;
			defaultConfigurationName = Release;
		};
/* End XCConfigurationList section */
	};
	rootObject = 751816ED219C981F0084A7C7 /* Project object */;
}
